// !$*UTF8*$!
{
	archiveVersion = 1;
	classes = {
	};
	objectVersion = 46;
	objects = {

/* Begin PBXBuildFile section */
		274A3BE219FE805800DCBB45 /* AppDelegate.swift in Sources */ = {isa = PBXBuildFile; fileRef = 274A3BE119FE805800DCBB45 /* AppDelegate.swift */; };
		274A3BE419FE805800DCBB45 /* ViewController.swift in Sources */ = {isa = PBXBuildFile; fileRef = 274A3BE319FE805800DCBB45 /* ViewController.swift */; };
		274A3BE719FE805800DCBB45 /* Main.storyboard in Resources */ = {isa = PBXBuildFile; fileRef = 274A3BE519FE805800DCBB45 /* Main.storyboard */; };
		274A3BE919FE805800DCBB45 /* Images.xcassets in Resources */ = {isa = PBXBuildFile; fileRef = 274A3BE819FE805800DCBB45 /* Images.xcassets */; };
		274A3BEC19FE805800DCBB45 /* LaunchScreen.xib in Resources */ = {isa = PBXBuildFile; fileRef = 274A3BEA19FE805800DCBB45 /* LaunchScreen.xib */; };
		274A3BF819FE805800DCBB45 /* ChangeBackgroundWithSwiftTests.swift in Sources */ = {isa = PBXBuildFile; fileRef = 274A3BF719FE805800DCBB45 /* ChangeBackgroundWithSwiftTests.swift */; };
/* End PBXBuildFile section */

/* Begin PBXContainerItemProxy section */
		274A3BF219FE805800DCBB45 /* PBXContainerItemProxy */ = {
			isa = PBXContainerItemProxy;
			containerPortal = 274A3BD419FE805800DCBB45 /* Project object */;
			proxyType = 1;
			remoteGlobalIDString = 274A3BDB19FE805800DCBB45;
			remoteInfo = ChangeBackgroundWithSwift;
		};
/* End PBXContainerItemProxy section */

/* Begin PBXFileReference section */
		274A3BDC19FE805800DCBB45 /* ChangeBackgroundWithSwift.app */ = {isa = PBXFileReference; explicitFileType = wrapper.application; includeInIndex = 0; path = ChangeBackgroundWithSwift.app; sourceTree = BUILT_PRODUCTS_DIR; };
		274A3BE019FE805800DCBB45 /* Info.plist */ = {isa = PBXFileReference; lastKnownFileType = text.plist.xml; path = Info.plist; sourceTree = "<group>"; };
		274A3BE119FE805800DCBB45 /* AppDelegate.swift */ = {isa = PBXFileReference; lastKnownFileType = sourcecode.swift; path = AppDelegate.swift; sourceTree = "<group>"; };
		274A3BE319FE805800DCBB45 /* ViewController.swift */ = {isa = PBXFileReference; lastKnownFileType = sourcecode.swift; path = ViewController.swift; sourceTree = "<group>"; };
		274A3BE619FE805800DCBB45 /* Base */ = {isa = PBXFileReference; lastKnownFileType = file.storyboard; name = Base; path = Base.lproj/Main.storyboard; sourceTree = "<group>"; };
		274A3BE819FE805800DCBB45 /* Images.xcassets */ = {isa = PBXFileReference; lastKnownFileType = folder.assetcatalog; path = Images.xcassets; sourceTree = "<group>"; };
		274A3BEB19FE805800DCBB45 /* Base */ = {isa = PBXFileReference; lastKnownFileType = file.xib; name = Base; path = Base.lproj/LaunchScreen.xib; sourceTree = "<group>"; };
		274A3BF119FE805800DCBB45 /* ChangeBackgroundWithSwiftTests.xctest */ = {isa = PBXFileReference; explicitFileType = wrapper.cfbundle; includeInIndex = 0; path = ChangeBackgroundWithSwiftTests.xctest; sourceTree = BUILT_PRODUCTS_DIR; };
		274A3BF619FE805800DCBB45 /* Info.plist */ = {isa = PBXFileReference; lastKnownFileType = text.plist.xml; path = Info.plist; sourceTree = "<group>"; };
		274A3BF719FE805800DCBB45 /* ChangeBackgroundWithSwiftTests.swift */ = {isa = PBXFileReference; lastKnownFileType = sourcecode.swift; path = ChangeBackgroundWithSwiftTests.swift; sourceTree = "<group>"; };
/* End PBXFileReference section */

/* Begin PBXFrameworksBuildPhase section */
		274A3BD919FE805800DCBB45 /* Frameworks */ = {
			isa = PBXFrameworksBuildPhase;
			buildActionMask = 2147483647;
			files = (
			);
			runOnlyForDeploymentPostprocessing = 0;
		};
		274A3BEE19FE805800DCBB45 /* Frameworks */ = {
			isa = PBXFrameworksBuildPhase;
			buildActionMask = 2147483647;
			files = (
			);
			runOnlyForDeploymentPostprocessing = 0;
		};
/* End PBXFrameworksBuildPhase section */

/* Begin PBXGroup section */
		274A3BD319FE805800DCBB45 = {
			isa = PBXGroup;
			children = (
				274A3BDE19FE805800DCBB45 /* ChangeBackgroundWithSwift */,
				274A3BF419FE805800DCBB45 /* ChangeBackgroundWithSwiftTests */,
				274A3BDD19FE805800DCBB45 /* Products */,
			);
			sourceTree = "<group>";
		};
		274A3BDD19FE805800DCBB45 /* Products */ = {
			isa = PBXGroup;
			children = (
				274A3BDC19FE805800DCBB45 /* ChangeBackgroundWithSwift.app */,
				274A3BF119FE805800DCBB45 /* ChangeBackgroundWithSwiftTests.xctest */,
			);
			name = Products;
			sourceTree = "<group>";
		};
		274A3BDE19FE805800DCBB45 /* ChangeBackgroundWithSwift */ = {
			isa = PBXGroup;
			children = (
				274A3BE119FE805800DCBB45 /* AppDelegate.swift */,
				274A3BE319FE805800DCBB45 /* ViewController.swift */,
				274A3BE519FE805800DCBB45 /* Main.storyboard */,
				274A3BE819FE805800DCBB45 /* Images.xcassets */,
				274A3BEA19FE805800DCBB45 /* LaunchScreen.xib */,
				274A3BDF19FE805800DCBB45 /* Supporting Files */,
			);
			path = ChangeBackgroundWithSwift;
			sourceTree = "<group>";
		};
		274A3BDF19FE805800DCBB45 /* Supporting Files */ = {
			isa = PBXGroup;
			children = (
				274A3BE019FE805800DCBB45 /* Info.plist */,
			);
			name = "Supporting Files";
			sourceTree = "<group>";
		};
		274A3BF419FE805800DCBB45 /* ChangeBackgroundWithSwiftTests */ = {
			isa = PBXGroup;
			children = (
				274A3BF719FE805800DCBB45 /* ChangeBackgroundWithSwiftTests.swift */,
				274A3BF519FE805800DCBB45 /* Supporting Files */,
			);
			path = ChangeBackgroundWithSwiftTests;
			sourceTree = "<group>";
		};
		274A3BF519FE805800DCBB45 /* Supporting Files */ = {
			isa = PBXGroup;
			children = (
				274A3BF619FE805800DCBB45 /* Info.plist */,
			);
			name = "Supporting Files";
			sourceTree = "<group>";
		};
/* End PBXGroup section */

/* Begin PBXNativeTarget section */
		274A3BDB19FE805800DCBB45 /* ChangeBackgroundWithSwift */ = {
			isa = PBXNativeTarget;
			buildConfigurationList = 274A3BFB19FE805800DCBB45 /* Build configuration list for PBXNativeTarget "ChangeBackgroundWithSwift" */;
			buildPhases = (
				274A3BD819FE805800DCBB45 /* Sources */,
				274A3BD919FE805800DCBB45 /* Frameworks */,
				274A3BDA19FE805800DCBB45 /* Resources */,
			);
			buildRules = (
			);
			dependencies = (
			);
			name = ChangeBackgroundWithSwift;
			productName = ChangeBackgroundWithSwift;
			productReference = 274A3BDC19FE805800DCBB45 /* ChangeBackgroundWithSwift.app */;
			productType = "com.apple.product-type.application";
		};
		274A3BF019FE805800DCBB45 /* ChangeBackgroundWithSwiftTests */ = {
			isa = PBXNativeTarget;
			buildConfigurationList = 274A3BFE19FE805800DCBB45 /* Build configuration list for PBXNativeTarget "ChangeBackgroundWithSwiftTests" */;
			buildPhases = (
				274A3BED19FE805800DCBB45 /* Sources */,
				274A3BEE19FE805800DCBB45 /* Frameworks */,
				274A3BEF19FE805800DCBB45 /* Resources */,
			);
			buildRules = (
			);
			dependencies = (
				274A3BF319FE805800DCBB45 /* PBXTargetDependency */,
			);
			name = ChangeBackgroundWithSwiftTests;
			productName = ChangeBackgroundWithSwiftTests;
			productReference = 274A3BF119FE805800DCBB45 /* ChangeBackgroundWithSwiftTests.xctest */;
			productType = "com.apple.product-type.bundle.unit-test";
		};
/* End PBXNativeTarget section */

/* Begin PBXProject section */
		274A3BD419FE805800DCBB45 /* Project object */ = {
			isa = PBXProject;
			attributes = {
				LastUpgradeCheck = 0610;
				ORGANIZATIONNAME = "Jorge Casariego";
				TargetAttributes = {
					274A3BDB19FE805800DCBB45 = {
						CreatedOnToolsVersion = 6.1;
					};
					274A3BF019FE805800DCBB45 = {
						CreatedOnToolsVersion = 6.1;
						TestTargetID = 274A3BDB19FE805800DCBB45;
					};
				};
			};
			buildConfigurationList = 274A3BD719FE805800DCBB45 /* Build configuration list for PBXProject "ChangeBackgroundWithSwift" */;
			compatibilityVersion = "Xcode 3.2";
			developmentRegion = English;
			hasScannedForEncodings = 0;
			knownRegions = (
				en,
				Base,
			);
			mainGroup = 274A3BD319FE805800DCBB45;
			productRefGroup = 274A3BDD19FE805800DCBB45 /* Products */;
			projectDirPath = "";
			projectRoot = "";
			targets = (
				274A3BDB19FE805800DCBB45 /* ChangeBackgroundWithSwift */,
				274A3BF019FE805800DCBB45 /* ChangeBackgroundWithSwiftTests */,
			);
		};
/* End PBXProject section */

/* Begin PBXResourcesBuildPhase section */
		274A3BDA19FE805800DCBB45 /* Resources */ = {
			isa = PBXResourcesBuildPhase;
			buildActionMask = 2147483647;
			files = (
				274A3BE719FE805800DCBB45 /* Main.storyboard in Resources */,
				274A3BEC19FE805800DCBB45 /* LaunchScreen.xib in Resources */,
				274A3BE919FE805800DCBB45 /* Images.xcassets in Resources */,
			);
			runOnlyForDeploymentPostprocessing = 0;
		};
		274A3BEF19FE805800DCBB45 /* Resources */ = {
			isa = PBXResourcesBuildPhase;
			buildActionMask = 2147483647;
			files = (
			);
			runOnlyForDeploymentPostprocessing = 0;
		};
/* End PBXResourcesBuildPhase section */

/* Begin PBXSourcesBuildPhase section */
		274A3BD819FE805800DCBB45 /* Sources */ = {
			isa = PBXSourcesBuildPhase;
			buildActionMask = 2147483647;
			files = (
				274A3BE419FE805800DCBB45 /* ViewController.swift in Sources */,
				274A3BE219FE805800DCBB45 /* AppDelegate.swift in Sources */,
			);
			runOnlyForDeploymentPostprocessing = 0;
		};
		274A3BED19FE805800DCBB45 /* Sources */ = {
			isa = PBXSourcesBuildPhase;
			buildActionMask = 2147483647;
			files = (
				274A3BF819FE805800DCBB45 /* ChangeBackgroundWithSwiftTests.swift in Sources */,
			);
			runOnlyForDeploymentPostprocessing = 0;
		};
/* End PBXSourcesBuildPhase section */

/* Begin PBXTargetDependency section */
		274A3BF319FE805800DCBB45 /* PBXTargetDependency */ = {
			isa = PBXTargetDependency;
			target = 274A3BDB19FE805800DCBB45 /* ChangeBackgroundWithSwift */;
			targetProxy = 274A3BF219FE805800DCBB45 /* PBXContainerItemProxy */;
		};
/* End PBXTargetDependency section */

/* Begin PBXVariantGroup section */
		274A3BE519FE805800DCBB45 /* Main.storyboard */ = {
			isa = PBXVariantGroup;
			children = (
				274A3BE619FE805800DCBB45 /* Base */,
			);
			name = Main.storyboard;
			sourceTree = "<group>";
		};
		274A3BEA19FE805800DCBB45 /* LaunchScreen.xib */ = {
			isa = PBXVariantGroup;
			children = (
				274A3BEB19FE805800DCBB45 /* Base */,
			);
			name = LaunchScreen.xib;
			sourceTree = "<group>";
		};
/* End PBXVariantGroup section */

/* Begin XCBuildConfiguration section */
		274A3BF919FE805800DCBB45 /* Debug */ = {
			isa = XCBuildConfiguration;
			buildSettings = {
				ALWAYS_SEARCH_USER_PATHS = NO;
				CLANG_CXX_LANGUAGE_STANDARD = "gnu++0x";
				CLANG_CXX_LIBRARY = "libc++";
				CLANG_ENABLE_MODULES = YES;
				CLANG_ENABLE_OBJC_ARC = YES;
				CLANG_WARN_BOOL_CONVERSION = YES;
				CLANG_WARN_CONSTANT_CONVERSION = YES;
				CLANG_WARN_DIRECT_OBJC_ISA_USAGE = YES_ERROR;
				CLANG_WARN_EMPTY_BODY = YES;
				CLANG_WARN_ENUM_CONVERSION = YES;
				CLANG_WARN_INT_CONVERSION = YES;
				CLANG_WARN_OBJC_ROOT_CLASS = YES_ERROR;
				CLANG_WARN_UNREACHABLE_CODE = YES;
				CLANG_WARN__DUPLICATE_METHOD_MATCH = YES;
				"CODE_SIGN_IDENTITY[sdk=iphoneos*]" = "iPhone Developer";
				COPY_PHASE_STRIP = NO;
				ENABLE_STRICT_OBJC_MSGSEND = YES;
				GCC_C_LANGUAGE_STANDARD = gnu99;
				GCC_DYNAMIC_NO_PIC = NO;
				GCC_OPTIMIZATION_LEVEL = 0;
				GCC_PREPROCESSOR_DEFINITIONS = (
					"DEBUG=1",
					"$(inherited)",
				);
				GCC_SYMBOLS_PRIVATE_EXTERN = NO;
				GCC_WARN_64_TO_32_BIT_CONVERSION = YES;
				GCC_WARN_ABOUT_RETURN_TYPE = YES_ERROR;
				GCC_WARN_UNDECLARED_SELECTOR = YES;
				GCC_WARN_UNINITIALIZED_AUTOS = YES_AGGRESSIVE;
				GCC_WARN_UNUSED_FUNCTION = YES;
				GCC_WARN_UNUSED_VARIABLE = YES;
				IPHONEOS_DEPLOYMENT_TARGET = 8.1;
				MTL_ENABLE_DEBUG_INFO = YES;
				ONLY_ACTIVE_ARCH = YES;
				SDKROOT = iphoneos;
				SWIFT_OPTIMIZATION_LEVEL = "-Onone";
			};
			name = Debug;
		};
		274A3BFA19FE805800DCBB45 /* Release */ = {
			isa = XCBuildConfiguration;
			buildSettings = {
				ALWAYS_SEARCH_USER_PATHS = NO;
				CLANG_CXX_LANGUAGE_STANDARD = "gnu++0x";
				CLANG_CXX_LIBRARY = "libc++";
				CLANG_ENABLE_MODULES = YES;
				CLANG_ENABLE_OBJC_ARC = YES;
				CLANG_WARN_BOOL_CONVERSION = YES;
				CLANG_WARN_CONSTANT_CONVERSION = YES;
				CLANG_WARN_DIRECT_OBJC_ISA_USAGE = YES_ERROR;
				CLANG_WARN_EMPTY_BODY = YES;
				CLANG_WARN_ENUM_CONVERSION = YES;
				CLANG_WARN_INT_CONVERSION = YES;
				CLANG_WARN_OBJC_ROOT_CLASS = YES_ERROR;
				CLANG_WARN_UNREACHABLE_CODE = YES;
				CLANG_WARN__DUPLICATE_METHOD_MATCH = YES;
				"CODE_SIGN_IDENTITY[sdk=iphoneos*]" = "iPhone Developer";
				COPY_PHASE_STRIP = YES;
				ENABLE_NS_ASSERTIONS = NO;
				ENABLE_STRICT_OBJC_MSGSEND = YES;
				GCC_C_LANGUAGE_STANDARD = gnu99;
				GCC_WARN_64_TO_32_BIT_CONVERSION = YES;
				GCC_WARN_ABOUT_RETURN_TYPE = YES_ERROR;
				GCC_WARN_UNDECLARED_SELECTOR = YES;
				GCC_WARN_UNINITIALIZED_AUTOS = YES_AGGRESSIVE;
				GCC_WARN_UNUSED_FUNCTION = YES;
				GCC_WARN_UNUSED_VARIABLE = YES;
				IPHONEOS_DEPLOYMENT_TARGET = 8.1;
				MTL_ENABLE_DEBUG_INFO = NO;
				SDKROOT = iphoneos;
				VALIDATE_PRODUCT = YES;
			};
			name = Release;
		};
		274A3BFC19FE805800DCBB45 /* Debug */ = {
			isa = XCBuildConfiguration;
			buildSettings = {
				ASSETCATALOG_COMPILER_APPICON_NAME = AppIcon;
				INFOPLIST_FILE = ChangeBackgroundWithSwift/Info.plist;
				LD_RUNPATH_SEARCH_PATHS = "$(inherited) @executable_path/Frameworks";
				PRODUCT_NAME = "$(TARGET_NAME)";
			};
			name = Debug;
		};
		274A3BFD19FE805800DCBB45 /* Release */ = {
			isa = XCBuildConfiguration;
			buildSettings = {
				ASSETCATALOG_COMPILER_APPICON_NAME = AppIcon;
				INFOPLIST_FILE = ChangeBackgroundWithSwift/Info.plist;
				LD_RUNPATH_SEARCH_PATHS = "$(inherited) @executable_path/Frameworks";
				PRODUCT_NAME = "$(TARGET_NAME)";
			};
			name = Release;
		};
		274A3BFF19FE805800DCBB45 /* Debug */ = {
			isa = XCBuildConfiguration;
			buildSettings = {
				BUNDLE_LOADER = "$(TEST_HOST)";
				FRAMEWORK_SEARCH_PATHS = (
					"$(SDKROOT)/Developer/Library/Frameworks",
					"$(inherited)",
				);
				GCC_PREPROCESSOR_DEFINITIONS = (
					"DEBUG=1",
					"$(inherited)",
				);
				INFOPLIST_FILE = ChangeBackgroundWithSwiftTests/Info.plist;
				LD_RUNPATH_SEARCH_PATHS = "$(inherited) @executable_path/Frameworks @loader_path/Frameworks";
				PRODUCT_NAME = "$(TARGET_NAME)";
				TEST_HOST = "$(BUILT_PRODUCTS_DIR)/ChangeBackgroundWithSwift.app/ChangeBackgroundWithSwift";
			};
			name = Debug;
		};
		274A3C0019FE805800DCBB45 /* Release */ = {
			isa = XCBuildConfiguration;
			buildSettings = {
				BUNDLE_LOADER = "$(TEST_HOST)";
				FRAMEWORK_SEARCH_PATHS = (
					"$(SDKROOT)/Developer/Library/Frameworks",
					"$(inherited)",
				);
				INFOPLIST_FILE = ChangeBackgroundWithSwiftTests/Info.plist;
				LD_RUNPATH_SEARCH_PATHS = "$(inherited) @executable_path/Frameworks @loader_path/Frameworks";
				PRODUCT_NAME = "$(TARGET_NAME)";
				TEST_HOST = "$(BUILT_PRODUCTS_DIR)/ChangeBackgroundWithSwift.app/ChangeBackgroundWithSwift";
			};
			name = Release;
		};
/* End XCBuildConfiguration section */

/* Begin XCConfigurationList section */
		274A3BD719FE805800DCBB45 /* Build configuration list for PBXProject "ChangeBackgroundWithSwift" */ = {
			isa = XCConfigurationList;
			buildConfigurations = (
				274A3BF919FE805800DCBB45 /* Debug */,
				274A3BFA19FE805800DCBB45 /* Release */,
			);
			defaultConfigurationIsVisible = 0;
			defaultConfigurationName = Release;
		};
		274A3BFB19FE805800DCBB45 /* Build configuration list for PBXNativeTarget "ChangeBackgroundWithSwift" */ = {
			isa = XCConfigurationList;
			buildConfigurations = (
				274A3BFC19FE805800DCBB45 /* Debug */,
				274A3BFD19FE805800DCBB45 /* Release */,
			);
			defaultConfigurationIsVisible = 0;
		};
		274A3BFE19FE805800DCBB45 /* Build configuration list for PBXNativeTarget "ChangeBackgroundWithSwiftTests" */ = {
			isa = XCConfigurationList;
			buildConfigurations = (
				274A3BFF19FE805800DCBB45 /* Debug */,
				274A3C0019FE805800DCBB45 /* Release */,
			);
			defaultConfigurationIsVisible = 0;
		};
/* End XCConfigurationList section */
	};
	rootObject = 274A3BD419FE805800DCBB45 /* Project object */;
}
